
Microsoft Visual Studio Solution File, Format Version 12.00
# Visual Studio 15
VisualStudioVersion = 15.0.28307.106
MinimumVisualStudioVersion = 10.0.40219.1
Project("{FAE04EC0-301F-11D3-BF4B-00C04F79EFBC}") = "brackets", "brackets\brackets.csproj", "{DE010FA2-9B6A-4402-ADD6-A7E7C36C59EE}"
EndProject
Global
	GlobalSection(SolutionConfigurationPlatforms) = preSolution
		Debug|Any CPU = Debug|Any CPU
		Release|Any CPU = Release|Any CPU
	EndGlobalSection
	GlobalSection(ProjectConfigurationPlatforms) = postSolution
		{DE010FA2-9B6A-4402-ADD6-A7E7C36C59EE}.Debug|Any CPU.ActiveCfg = Debug|Any CPU
		{DE010FA2-9B6A-4402-ADD6-A7E7C36C59EE}.Debug|Any CPU.Build.0 = Debug|Any CPU
		{DE010FA2-9B6A-4402-ADD6-A7E7C36C59EE}.Release|Any CPU.ActiveCfg = Release|Any CPU
		{DE010FA2-9B6A-4402-ADD6-A7E7C36C59EE}.Release|Any CPU.Build.0 = Release|Any CPU
	EndGlobalSection
	GlobalSection(SolutionProperties) = preSolution
		HideSolutionNode = FALSE
	EndGlobalSection
	GlobalSection(ExtensibilityGlobals) = postSolution
		SolutionGuid = {5AB845F7-5F81-4F49-9DFE-6BBDB93E2D05}
	EndGlobalSection
EndGlobal
